// !$*UTF8*$!
{
	archiveVersion = 1;
	classes = {
	};
	objectVersion = 50;
	objects = {

/* Begin PBXBuildFile section */
		3FD6A1462333DA98006FACF3 /* AppDelegate.swift in Sources */ = {isa = PBXBuildFile; fileRef = 3FD6A1452333DA98006FACF3 /* AppDelegate.swift */; };
		3FD6A1482333DA98006FACF3 /* TemperatureViewController.swift in Sources */ = {isa = PBXBuildFile; fileRef = 3FD6A1472333DA98006FACF3 /* TemperatureViewController.swift */; };
		3FD6A14A2333DA98006FACF3 /* CurrencyViewController.swift in Sources */ = {isa = PBXBuildFile; fileRef = 3FD6A1492333DA98006FACF3 /* CurrencyViewController.swift */; };
		3FD6A14D2333DA98006FACF3 /* Main.storyboard in Resources */ = {isa = PBXBuildFile; fileRef = 3FD6A14B2333DA98006FACF3 /* Main.storyboard */; };
		3FD6A14F2333DA99006FACF3 /* Assets.xcassets in Resources */ = {isa = PBXBuildFile; fileRef = 3FD6A14E2333DA99006FACF3 /* Assets.xcassets */; };
		3FD6A1522333DA99006FACF3 /* LaunchScreen.storyboard in Resources */ = {isa = PBXBuildFile; fileRef = 3FD6A1502333DA99006FACF3 /* LaunchScreen.storyboard */; };
		3FD6A15A2333DD8F006FACF3 /* DistanceViewController.swift in Sources */ = {isa = PBXBuildFile; fileRef = 3FD6A1592333DD8F006FACF3 /* DistanceViewController.swift */; };
/* End PBXBuildFile section */

/* Begin PBXFileReference section */
		3FD6A1422333DA98006FACF3 /* Assignment 1 Converter.app */ = {isa = PBXFileReference; explicitFileType = wrapper.application; includeInIndex = 0; path = "Assignment 1 Converter.app"; sourceTree = BUILT_PRODUCTS_DIR; };
		3FD6A1452333DA98006FACF3 /* AppDelegate.swift */ = {isa = PBXFileReference; lastKnownFileType = sourcecode.swift; path = AppDelegate.swift; sourceTree = "<group>"; };
		3FD6A1472333DA98006FACF3 /* TemperatureViewController.swift */ = {isa = PBXFileReference; lastKnownFileType = sourcecode.swift; path = TemperatureViewController.swift; sourceTree = "<group>"; };
		3FD6A1492333DA98006FACF3 /* CurrencyViewController.swift */ = {isa = PBXFileReference; lastKnownFileType = sourcecode.swift; path = CurrencyViewController.swift; sourceTree = "<group>"; };
		3FD6A14C2333DA98006FACF3 /* Base */ = {isa = PBXFileReference; lastKnownFileType = file.storyboard; name = Base; path = Base.lproj/Main.storyboard; sourceTree = "<group>"; };
		3FD6A14E2333DA99006FACF3 /* Assets.xcassets */ = {isa = PBXFileReference; lastKnownFileType = folder.assetcatalog; path = Assets.xcassets; sourceTree = "<group>"; };
		3FD6A1512333DA99006FACF3 /* Base */ = {isa = PBXFileReference; lastKnownFileType = file.storyboard; name = Base; path = Base.lproj/LaunchScreen.storyboard; sourceTree = "<group>"; };
		3FD6A1532333DA99006FACF3 /* Info.plist */ = {isa = PBXFileReference; lastKnownFileType = text.plist.xml; path = Info.plist; sourceTree = "<group>"; };
		3FD6A1592333DD8F006FACF3 /* DistanceViewController.swift */ = {isa = PBXFileReference; lastKnownFileType = sourcecode.swift; path = DistanceViewController.swift; sourceTree = "<group>"; };
/* End PBXFileReference section */

/* Begin PBXFrameworksBuildPhase section */
		3FD6A13F2333DA98006FACF3 /* Frameworks */ = {
			isa = PBXFrameworksBuildPhase;
			buildActionMask = 2147483647;
			files = (
			);
			runOnlyForDeploymentPostprocessing = 0;
		};
/* End PBXFrameworksBuildPhase section */

/* Begin PBXGroup section */
		3FD6A1392333DA98006FACF3 = {
			isa = PBXGroup;
			children = (
				3FD6A1442333DA98006FACF3 /* Assignment 1 Converter */,
				3FD6A1432333DA98006FACF3 /* Products */,
			);
			sourceTree = "<group>";
		};
		3FD6A1432333DA98006FACF3 /* Products */ = {
			isa = PBXGroup;
			children = (
				3FD6A1422333DA98006FACF3 /* Assignment 1 Converter.app */,
			);
			name = Products;
			sourceTree = "<group>";
		};
		3FD6A1442333DA98006FACF3 /* Assignment 1 Converter */ = {
			isa = PBXGroup;
			children = (
				3FD6A1452333DA98006FACF3 /* AppDelegate.swift */,
				3FD6A1472333DA98006FACF3 /* TemperatureViewController.swift */,
				3FD6A1492333DA98006FACF3 /* CurrencyViewController.swift */,
				3FD6A1592333DD8F006FACF3 /* DistanceViewController.swift */,
				3FD6A14B2333DA98006FACF3 /* Main.storyboard */,
				3FD6A14E2333DA99006FACF3 /* Assets.xcassets */,
				3FD6A1502333DA99006FACF3 /* LaunchScreen.storyboard */,
				3FD6A1532333DA99006FACF3 /* Info.plist */,
			);
			path = "Assignment 1 Converter";
			sourceTree = "<group>";
		};
/* End PBXGroup section */

/* Begin PBXNativeTarget section */
		3FD6A1412333DA98006FACF3 /* Assignment 1 Converter */ = {
			isa = PBXNativeTarget;
			buildConfigurationList = 3FD6A1562333DA99006FACF3 /* Build configuration list for PBXNativeTarget "Assignment 1 Converter" */;
			buildPhases = (
				3FD6A13E2333DA98006FACF3 /* Sources */,
				3FD6A13F2333DA98006FACF3 /* Frameworks */,
				3FD6A1402333DA98006FACF3 /* Resources */,
			);
			buildRules = (
			);
			dependencies = (
			);
			name = "Assignment 1 Converter";
			productName = "Assignment 1 Converter";
			productReference = 3FD6A1422333DA98006FACF3 /* Assignment 1 Converter.app */;
			productType = "com.apple.product-type.application";
		};
/* End PBXNativeTarget section */

/* Begin PBXProject section */
		3FD6A13A2333DA98006FACF3 /* Project object */ = {
			isa = PBXProject;
			attributes = {
				LastSwiftUpdateCheck = 1010;
				LastUpgradeCheck = 1010;
				ORGANIZATIONNAME = student;
				TargetAttributes = {
					3FD6A1412333DA98006FACF3 = {
						CreatedOnToolsVersion = 10.1;
					};
				};
			};
			buildConfigurationList = 3FD6A13D2333DA98006FACF3 /* Build configuration list for PBXProject "Assignment 1 Converter" */;
			compatibilityVersion = "Xcode 9.3";
			developmentRegion = en;
			hasScannedForEncodings = 0;
			knownRegions = (
				en,
				Base,
			);
			mainGroup = 3FD6A1392333DA98006FACF3;
			productRefGroup = 3FD6A1432333DA98006FACF3 /* Products */;
			projectDirPath = "";
			projectRoot = "";
			targets = (
				3FD6A1412333DA98006FACF3 /* Assignment 1 Converter */,
			);
		};
/* End PBXProject section */

/* Begin PBXResourcesBuildPhase section */
		3FD6A1402333DA98006FACF3 /* Resources */ = {
			isa = PBXResourcesBuildPhase;
			buildActionMask = 2147483647;
			files = (
				3FD6A1522333DA99006FACF3 /* LaunchScreen.storyboard in Resources */,
				3FD6A14F2333DA99006FACF3 /* Assets.xcassets in Resources */,
				3FD6A14D2333DA98006FACF3 /* Main.storyboard in Resources */,
			);
			runOnlyForDeploymentPostprocessing = 0;
		};
/* End PBXResourcesBuildPhase section */

/* Begin PBXSourcesBuildPhase section */
		3FD6A13E2333DA98006FACF3 /* Sources */ = {
			isa = PBXSourcesBuildPhase;
			buildActionMask = 2147483647;
			files = (
				3FD6A14A2333DA98006FACF3 /* CurrencyViewController.swift in Sources */,
				3FD6A15A2333DD8F006FACF3 /* DistanceViewController.swift in Sources */,
				3FD6A1462333DA98006FACF3 /* AppDelegate.swift in Sources */,
				3FD6A1482333DA98006FACF3 /* TemperatureViewController.swift in Sources */,
			);
			runOnlyForDeploymentPostprocessing = 0;
		};
/* End PBXSourcesBuildPhase section */

/* Begin PBXVariantGroup section */
		3FD6A14B2333DA98006FACF3 /* Main.storyboard */ = {
			isa = PBXVariantGroup;
			children = (
				3FD6A14C2333DA98006FACF3 /* Base */,
			);
			name = Main.storyboard;
			sourceTree = "<group>";
		};
		3FD6A1502333DA99006FACF3 /* LaunchScreen.storyboard */ = {
			isa = PBXVariantGroup;
			children = (
				3FD6A1512333DA99006FACF3 /* Base */,
			);
			name = LaunchScreen.storyboard;
			sourceTree = "<group>";
		};
/* End PBXVariantGroup section */

/* Begin XCBuildConfiguration section */
		3FD6A1542333DA99006FACF3 /* Debug */ = {
			isa = XCBuildConfiguration;
			buildSettings = {
				ALWAYS_SEARCH_USER_PATHS = NO;
				CLANG_ANALYZER_NONNULL = YES;
				CLANG_ANALYZER_NUMBER_OBJECT_CONVERSION = YES_AGGRESSIVE;
				CLANG_CXX_LANGUAGE_STANDARD = "gnu++14";
				CLANG_CXX_LIBRARY = "libc++";
				CLANG_ENABLE_MODULES = YES;
				CLANG_ENABLE_OBJC_ARC = YES;
				CLANG_ENABLE_OBJC_WEAK = YES;
				CLANG_WARN_BLOCK_CAPTURE_AUTORELEASING = YES;
				CLANG_WARN_BOOL_CONVERSION = YES;
				CLANG_WARN_COMMA = YES;
				CLANG_WARN_CONSTANT_CONVERSION = YES;
				CLANG_WARN_DEPRECATED_OBJC_IMPLEMENTATIONS = YES;
				CLANG_WARN_DIRECT_OBJC_ISA_USAGE = YES_ERROR;
				CLANG_WARN_DOCUMENTATION_COMMENTS = YES;
				CLANG_WARN_EMPTY_BODY = YES;
				CLANG_WARN_ENUM_CONVERSION = YES;
				CLANG_WARN_INFINITE_RECURSION = YES;
				CLANG_WARN_INT_CONVERSION = YES;
				CLANG_WARN_NON_LITERAL_NULL_CONVERSION = YES;
				CLANG_WARN_OBJC_IMPLICIT_RETAIN_SELF = YES;
				CLANG_WARN_OBJC_LITERAL_CONVERSION = YES;
				CLANG_WARN_OBJC_ROOT_CLASS = YES_ERROR;
				CLANG_WARN_RANGE_LOOP_ANALYSIS = YES;
				CLANG_WARN_STRICT_PROTOTYPES = YES;
				CLANG_WARN_SUSPICIOUS_MOVE = YES;
				CLANG_WARN_UNGUARDED_AVAILABILITY = YES_AGGRESSIVE;
				CLANG_WARN_UNREACHABLE_CODE = YES;
				CLANG_WARN__DUPLICATE_METHOD_MATCH = YES;
				CODE_SIGN_IDENTITY = "iPhone Developer";
				COPY_PHASE_STRIP = NO;
				DEBUG_INFORMATION_FORMAT = dwarf;
				ENABLE_STRICT_OBJC_MSGSEND = YES;
				ENABLE_TESTABILITY = YES;
				GCC_C_LANGUAGE_STANDARD = gnu11;
				GCC_DYNAMIC_NO_PIC = NO;
				GCC_NO_COMMON_BLOCKS = YES;
				GCC_OPTIMIZATION_LEVEL = 0;
				GCC_PREPROCESSOR_DEFINITIONS = (
					"DEBUG=1",
					"$(inherited)",
				);
				GCC_WARN_64_TO_32_BIT_CONVERSION = YES;
				GCC_WARN_ABOUT_RETURN_TYPE = YES_ERROR;
				GCC_WARN_UNDECLARED_SELECTOR = YES;
				GCC_WARN_UNINITIALIZED_AUTOS = YES_AGGRESSIVE;
				GCC_WARN_UNUSED_FUNCTION = YES;
				GCC_WARN_UNUSED_VARIABLE = YES;
				IPHONEOS_DEPLOYMENT_TARGET = 12.1;
				MTL_ENABLE_DEBUG_INFO = INCLUDE_SOURCE;
				MTL_FAST_MATH = YES;
				ONLY_ACTIVE_ARCH = YES;
				SDKROOT = iphoneos;
				SWIFT_ACTIVE_COMPILATION_CONDITIONS = DEBUG;
				SWIFT_OPTIMIZATION_LEVEL = "-Onone";
			};
			name = Debug;
		};
		3FD6A1552333DA99006FACF3 /* Release */ = {
			isa = XCBuildConfiguration;
			buildSettings = {
				ALWAYS_SEARCH_USER_PATHS = NO;
				CLANG_ANALYZER_NONNULL = YES;
				CLANG_ANALYZER_NUMBER_OBJECT_CONVERSION = YES_AGGRESSIVE;
				CLANG_CXX_LANGUAGE_STANDARD = "gnu++14";
				CLANG_CXX_LIBRARY = "libc++";
				CLANG_ENABLE_MODULES = YES;
				CLANG_ENABLE_OBJC_ARC = YES;
				CLANG_ENABLE_OBJC_WEAK = YES;
				CLANG_WARN_BLOCK_CAPTURE_AUTORELEASING = YES;
				CLANG_WARN_BOOL_CONVERSION = YES;
				CLANG_WARN_COMMA = YES;
				CLANG_WARN_CONSTANT_CONVERSION = YES;
				CLANG_WARN_DEPRECATED_OBJC_IMPLEMENTATIONS = YES;
				CLANG_WARN_DIRECT_OBJC_ISA_USAGE = YES_ERROR;
				CLANG_WARN_DOCUMENTATION_COMMENTS = YES;
				CLANG_WARN_EMPTY_BODY = YES;
				CLANG_WARN_ENUM_CONVERSION = YES;
				CLANG_WARN_INFINITE_RECURSION = YES;
				CLANG_WARN_INT_CONVERSION = YES;
				CLANG_WARN_NON_LITERAL_NULL_CONVERSION = YES;
				CLANG_WARN_OBJC_IMPLICIT_RETAIN_SELF = YES;
				CLANG_WARN_OBJC_LITERAL_CONVERSION = YES;
				CLANG_WARN_OBJC_ROOT_CLASS = YES_ERROR;
				CLANG_WARN_RANGE_LOOP_ANALYSIS = YES;
				CLANG_WARN_STRICT_PROTOTYPES = YES;
				CLANG_WARN_SUSPICIOUS_MOVE = YES;
				CLANG_WARN_UNGUARDED_AVAILABILITY = YES_AGGRESSIVE;
				CLANG_WARN_UNREACHABLE_CODE = YES;
				CLANG_WARN__DUPLICATE_METHOD_MATCH = YES;
				CODE_SIGN_IDENTITY = "iPhone Developer";
				COPY_PHASE_STRIP = NO;
				DEBUG_INFORMATION_FORMAT = "dwarf-with-dsym";
				ENABLE_NS_ASSERTIONS = NO;
				ENABLE_STRICT_OBJC_MSGSEND = YES;
				GCC_C_LANGUAGE_STANDARD = gnu11;
				GCC_NO_COMMON_BLOCKS = YES;
				GCC_WARN_64_TO_32_BIT_CONVERSION = YES;
				GCC_WARN_ABOUT_RETURN_TYPE = YES_ERROR;
				GCC_WARN_UNDECLARED_SELECTOR = YES;
				GCC_WARN_UNINITIALIZED_AUTOS = YES_AGGRESSIVE;
				GCC_WARN_UNUSED_FUNCTION = YES;
				GCC_WARN_UNUSED_VARIABLE = YES;
				IPHONEOS_DEPLOYMENT_TARGET = 12.1;
				MTL_ENABLE_DEBUG_INFO = NO;
				MTL_FAST_MATH = YES;
				SDKROOT = iphoneos;
				SWIFT_COMPILATION_MODE = wholemodule;
				SWIFT_OPTIMIZATION_LEVEL = "-O";
				VALIDATE_PRODUCT = YES;
			};
			name = Release;
		};
		3FD6A1572333DA99006FACF3 /* Debug */ = {
			isa = XCBuildConfiguration;
			buildSettings = {
				ASSETCATALOG_COMPILER_APPICON_NAME = AppIcon;
				CODE_SIGN_STYLE = Automatic;
				INFOPLIST_FILE = "Assignment 1 Converter/Info.plist";
				LD_RUNPATH_SEARCH_PATHS = (
					"$(inherited)",
					"@executable_path/Frameworks",
				);
				PRODUCT_BUNDLE_IDENTIFIER = "ca.mohawkcollege.Assignment-1-Converter";
				PRODUCT_NAME = "$(TARGET_NAME)";
				SWIFT_VERSION = 4.2;
				TARGETED_DEVICE_FAMILY = "1,2";
			};
			name = Debug;
		};
		3FD6A1582333DA99006FACF3 /* Release */ = {
			isa = XCBuildConfiguration;
			buildSettings = {
				ASSETCATALOG_COMPILER_APPICON_NAME = AppIcon;
				CODE_SIGN_STYLE = Automatic;
				INFOPLIST_FILE = "Assignment 1 Converter/Info.plist";
				LD_RUNPATH_SEARCH_PATHS = (
					"$(inherited)",
					"@executable_path/Frameworks",
				);
				PRODUCT_BUNDLE_IDENTIFIER = "ca.mohawkcollege.Assignment-1-Converter";
				PRODUCT_NAME = "$(TARGET_NAME)";
				SWIFT_VERSION = 4.2;
				TARGETED_DEVICE_FAMILY = "1,2";
			};
			name = Release;
		};
/* End XCBuildConfiguration section */

/* Begin XCConfigurationList section */
		3FD6A13D2333DA98006FACF3 /* Build configuration list for PBXProject "Assignment 1 Converter" */ = {
			isa = XCConfigurationList;
			buildConfigurations = (
				3FD6A1542333DA99006FACF3 /* Debug */,
				3FD6A1552333DA99006FACF3 /* Release */,
			);
			defaultConfigurationIsVisible = 0;
			defaultConfigurationName = Release;
		};
		3FD6A1562333DA99006FACF3 /* Build configuration list for PBXNativeTarget "Assignment 1 Converter" */ = {
			isa = XCConfigurationList;
			buildConfigurations = (
				3FD6A1572333DA99006FACF3 /* Debug */,
				3FD6A1582333DA99006FACF3 /* Release */,
			);
			defaultConfigurationIsVisible = 0;
			defaultConfigurationName = Release;
		};
/* End XCConfigurationList section */
	};
	rootObject = 3FD6A13A2333DA98006FACF3 /* Project object */;
}
